
Microsoft Visual Studio Solution File, Format Version 12.00
Project("{FAE04EC0-301F-11D3-BF4B-00C04F79EFBC}") = "validator.CLI", "validator.CLI\validator.CLI.csproj", "{B8333042-D04C-4C24-A0FC-E1667F0E691A}"
EndProject
Project("{FAE04EC0-301F-11D3-BF4B-00C04F79EFBC}") = "validator.Library", "validator.Library\validator.Library.csproj", "{07455401-7034-4DE2-B974-06016F727340}"
EndProject
Global
	GlobalSection(SolutionConfigurationPlatforms) = preSolution
		Debug|Any CPU = Debug|Any CPU
		Release|Any CPU = Release|Any CPU
	EndGlobalSection
	GlobalSection(ProjectConfigurationPlatforms) = postSolution
		{B8333042-D04C-4C24-A0FC-E1667F0E691A}.Debug|Any CPU.ActiveCfg = Debug|Any CPU
		{B8333042-D04C-4C24-A0FC-E1667F0E691A}.Debug|Any CPU.Build.0 = Debug|Any CPU
		{B8333042-D04C-4C24-A0FC-E1667F0E691A}.Release|Any CPU.ActiveCfg = Release|Any CPU
		{B8333042-D04C-4C24-A0FC-E1667F0E691A}.Release|Any CPU.Build.0 = Release|Any CPU
		{07455401-7034-4DE2-B974-06016F727340}.Debug|Any CPU.ActiveCfg = Debug|Any CPU
		{07455401-7034-4DE2-B974-06016F727340}.Debug|Any CPU.Build.0 = Debug|Any CPU
		{07455401-7034-4DE2-B974-06016F727340}.Release|Any CPU.ActiveCfg = Release|Any CPU
		{07455401-7034-4DE2-B974-06016F727340}.Release|Any CPU.Build.0 = Release|Any CPU
	EndGlobalSection
EndGlobal
